
Microsoft Visual Studio Solution File, Format Version 12.00
# Visual Studio Version 17
VisualStudioVersion = 17.7.34202.233
MinimumVisualStudioVersion = 10.0.40219.1
Project("{8BC9CEB8-8B4A-11D0-8D11-00A0C91BC942}") = "BOJ_15656", "BOJ_15656\BOJ_15656.vcxproj", "{716E2C6D-6E27-437B-86C1-993CDEB11C90}"
EndProject
Global
	GlobalSection(SolutionConfigurationPlatforms) = preSolution
		Debug|x64 = Debug|x64
		Release|x64 = Release|x64
	EndGlobalSection
	GlobalSection(ProjectConfigurationPlatforms) = postSolution
		{716E2C6D-6E27-437B-86C1-993CDEB11C90}.Debug|x64.ActiveCfg = Debug|x64
		{716E2C6D-6E27-437B-86C1-993CDEB11C90}.Debug|x64.Build.0 = Debug|x64
		{716E2C6D-6E27-437B-86C1-993CDEB11C90}.Release|x64.ActiveCfg = Release|x64
		{716E2C6D-6E27-437B-86C1-993CDEB11C90}.Release|x64.Build.0 = Release|x64
	EndGlobalSection
	GlobalSection(SolutionProperties) = preSolution
		HideSolutionNode = FALSE
	EndGlobalSection
	GlobalSection(ExtensibilityGlobals) = postSolution
		SolutionGuid = {3284E5DE-04F5-4BAE-ACAF-18540540871A}
	EndGlobalSection
EndGlobal
